
Microsoft Visual Studio Solution File, Format Version 12.00
# Visual Studio Version 17
VisualStudioVersion = 17.1.32328.378
MinimumVisualStudioVersion = 10.0.40219.1
Project("{00D1A9C2-B5F0-4AF3-8072-F6C62B433612}") = "DatabaseCodeAnalysis", "DatabaseCodeAnalysis\DatabaseCodeAnalysis.sqlproj", "{45C489D7-3D8C-4CB8-8BE5-85A007CC8902}"
EndProject
Global
	GlobalSection(SolutionConfigurationPlatforms) = preSolution
		Debug|Any CPU = Debug|Any CPU
		Release|Any CPU = Release|Any CPU
	EndGlobalSection
	GlobalSection(ProjectConfigurationPlatforms) = postSolution
		{45C489D7-3D8C-4CB8-8BE5-85A007CC8902}.Debug|Any CPU.ActiveCfg = Debug|Any CPU
		{45C489D7-3D8C-4CB8-8BE5-85A007CC8902}.Debug|Any CPU.Build.0 = Debug|Any CPU
		{45C489D7-3D8C-4CB8-8BE5-85A007CC8902}.Debug|Any CPU.Deploy.0 = Debug|Any CPU
		{45C489D7-3D8C-4CB8-8BE5-85A007CC8902}.Release|Any CPU.ActiveCfg = Release|Any CPU
		{45C489D7-3D8C-4CB8-8BE5-85A007CC8902}.Release|Any CPU.Build.0 = Release|Any CPU
		{45C489D7-3D8C-4CB8-8BE5-85A007CC8902}.Release|Any CPU.Deploy.0 = Release|Any CPU
	EndGlobalSection
	GlobalSection(SolutionProperties) = preSolution
		HideSolutionNode = FALSE
	EndGlobalSection
	GlobalSection(ExtensibilityGlobals) = postSolution
		SolutionGuid = {ABCE0354-0EE0-44CF-A469-08EBCBD4A09D}
	EndGlobalSection
EndGlobal
